
Microsoft Visual Studio Solution File, Format Version 12.00
# Visual Studio Version 17
VisualStudioVersion = 17.6.33815.320
MinimumVisualStudioVersion = 10.0.40219.1
Project("{FAE04EC0-301F-11D3-BF4B-00C04F79EFBC}") = "MySharedLibrary", "MySharedLibrary\MySharedLibrary.csproj", "{FA4A6E9C-8E41-45C8-98BE-2AF1D4A3C1FB}"
EndProject
Global
	GlobalSection(SolutionConfigurationPlatforms) = preSolution
		Debug|Any CPU = Debug|Any CPU
		Release|Any CPU = Release|Any CPU
	EndGlobalSection
	GlobalSection(ProjectConfigurationPlatforms) = postSolution
		{FA4A6E9C-8E41-45C8-98BE-2AF1D4A3C1FB}.Debug|Any CPU.ActiveCfg = Debug|Any CPU
		{FA4A6E9C-8E41-45C8-98BE-2AF1D4A3C1FB}.Debug|Any CPU.Build.0 = Debug|Any CPU
		{FA4A6E9C-8E41-45C8-98BE-2AF1D4A3C1FB}.Release|Any CPU.ActiveCfg = Release|Any CPU
		{FA4A6E9C-8E41-45C8-98BE-2AF1D4A3C1FB}.Release|Any CPU.Build.0 = Release|Any CPU
	EndGlobalSection
	GlobalSection(SolutionProperties) = preSolution
		HideSolutionNode = FALSE
	EndGlobalSection
	GlobalSection(ExtensibilityGlobals) = postSolution
		SolutionGuid = {A5C84991-04CD-4D3B-9848-812589B74298}
	EndGlobalSection
EndGlobal
